
Microsoft Visual Studio Solution File, Format Version 12.00
# Visual Studio Version 16
VisualStudioVersion = 16.0.30001.183
MinimumVisualStudioVersion = 10.0.40219.1
Project("{FAE04EC0-301F-11D3-BF4B-00C04F79EFBC}") = "Umbraco.SampleSite.Web.Legacy", "Umbraco.SampleSite.Web.Legacy\Umbraco.SampleSite.Web.Legacy.csproj", "{A80F89C5-4D21-4B54-8537-DADC6CF230E8}"
EndProject
Project("{FAE04EC0-301F-11D3-BF4B-00C04F79EFBC}") = "Umbraco.SampleSite.Legacy", "Umbraco.SampleSite.Legacy\Umbraco.SampleSite.Legacy.csproj", "{AD6618CC-4DD7-414D-9050-39652566833E}"
EndProject
Project("{2150E333-8FDC-42A3-9474-1A3956D46DE8}") = "Build", "Build", "{28F8A6EA-1613-4AF3-BFCB-9B330BDC455C}"
	ProjectSection(SolutionItems) = preProject
		..\build\build.ps1 = ..\build\build.ps1
		..\build\build.xml = ..\build\build.xml
		..\.github\workflows\main.yml = ..\.github\workflows\main.yml
		NuGet.config = NuGet.config
		..\build\packageManifest.xml = ..\build\packageManifest.xml
		..\README.md = ..\README.md
		SolutionInfo.cs = SolutionInfo.cs
	EndProjectSection
EndProject
Project("{FAE04EC0-301F-11D3-BF4B-00C04F79EFBC}") = "Umbraco.SampleSite", "Umbraco.SampleSite\Umbraco.SampleSite.csproj", "{58DCD6B9-04D4-4F89-A3B9-19A192D561A4}"
EndProject
Global
	GlobalSection(SolutionConfigurationPlatforms) = preSolution
		Debug|Any CPU = Debug|Any CPU
		Release|Any CPU = Release|Any CPU
	EndGlobalSection
	GlobalSection(ProjectConfigurationPlatforms) = postSolution
		{A80F89C5-4D21-4B54-8537-DADC6CF230E8}.Debug|Any CPU.ActiveCfg = Debug|Any CPU
		{A80F89C5-4D21-4B54-8537-DADC6CF230E8}.Debug|Any CPU.Build.0 = Debug|Any CPU
		{A80F89C5-4D21-4B54-8537-DADC6CF230E8}.Release|Any CPU.ActiveCfg = Release|Any CPU
		{A80F89C5-4D21-4B54-8537-DADC6CF230E8}.Release|Any CPU.Build.0 = Release|Any CPU
		{AD6618CC-4DD7-414D-9050-39652566833E}.Debug|Any CPU.ActiveCfg = Debug|Any CPU
		{AD6618CC-4DD7-414D-9050-39652566833E}.Debug|Any CPU.Build.0 = Debug|Any CPU
		{AD6618CC-4DD7-414D-9050-39652566833E}.Release|Any CPU.ActiveCfg = Release|Any CPU
		{AD6618CC-4DD7-414D-9050-39652566833E}.Release|Any CPU.Build.0 = Release|Any CPU
		{58DCD6B9-04D4-4F89-A3B9-19A192D561A4}.Debug|Any CPU.ActiveCfg = Debug|Any CPU
		{58DCD6B9-04D4-4F89-A3B9-19A192D561A4}.Debug|Any CPU.Build.0 = Debug|Any CPU
		{58DCD6B9-04D4-4F89-A3B9-19A192D561A4}.Release|Any CPU.ActiveCfg = Release|Any CPU
		{58DCD6B9-04D4-4F89-A3B9-19A192D561A4}.Release|Any CPU.Build.0 = Release|Any CPU
	EndGlobalSection
	GlobalSection(SolutionProperties) = preSolution
		HideSolutionNode = FALSE
	EndGlobalSection
	GlobalSection(ExtensibilityGlobals) = postSolution
		SolutionGuid = {21A662E6-2F38-495B-AA33-A5828C300B39}
	EndGlobalSection
EndGlobal
