
Microsoft Visual Studio Solution File, Format Version 12.00
# Visual Studio 15
VisualStudioVersion = 15.0.27130.2010
MinimumVisualStudioVersion = 10.0.40219.1
Project("{FAE04EC0-301F-11D3-BF4B-00C04F79EFBC}") = "Umbraco.SampleSite", "Umbraco.SampleSite\Umbraco.SampleSite.csproj", "{AD6618CC-4DD7-414D-9050-39652566833E}"
EndProject
Project("{2150E333-8FDC-42A3-9474-1A3956D46DE8}") = "Build", "Build", "{28F8A6EA-1613-4AF3-BFCB-9B330BDC455C}"
	ProjectSection(SolutionItems) = preProject
		..\build\build.ps1 = ..\build\build.ps1
		..\build\build.xml = ..\build\build.xml
		NuGet.config = NuGet.config
		..\build\packageManifest.xml = ..\build\packageManifest.xml
		..\README.md = ..\README.md
		SolutionInfo.cs = SolutionInfo.cs
	EndProjectSection
EndProject
Project("{FAE04EC0-301F-11D3-BF4B-00C04F79EFBC}") = "Umbraco.SampleSite.Website", "Umbraco.SampleSite.Website\Umbraco.SampleSite.Website.csproj", "{97E7171E-BDAD-48B0-AB61-FDFE83225182}"
EndProject
Global
	GlobalSection(SolutionConfigurationPlatforms) = preSolution
		Debug|Any CPU = Debug|Any CPU
		Release|Any CPU = Release|Any CPU
	EndGlobalSection
	GlobalSection(ProjectConfigurationPlatforms) = postSolution
		{AD6618CC-4DD7-414D-9050-39652566833E}.Debug|Any CPU.ActiveCfg = Debug|Any CPU
		{AD6618CC-4DD7-414D-9050-39652566833E}.Debug|Any CPU.Build.0 = Debug|Any CPU
		{AD6618CC-4DD7-414D-9050-39652566833E}.Release|Any CPU.ActiveCfg = Release|Any CPU
		{AD6618CC-4DD7-414D-9050-39652566833E}.Release|Any CPU.Build.0 = Release|Any CPU
		{97E7171E-BDAD-48B0-AB61-FDFE83225182}.Debug|Any CPU.ActiveCfg = Debug|Any CPU
		{97E7171E-BDAD-48B0-AB61-FDFE83225182}.Debug|Any CPU.Build.0 = Debug|Any CPU
		{97E7171E-BDAD-48B0-AB61-FDFE83225182}.Release|Any CPU.ActiveCfg = Release|Any CPU
		{97E7171E-BDAD-48B0-AB61-FDFE83225182}.Release|Any CPU.Build.0 = Release|Any CPU
	EndGlobalSection
	GlobalSection(SolutionProperties) = preSolution
		HideSolutionNode = FALSE
	EndGlobalSection
	GlobalSection(ExtensibilityGlobals) = postSolution
		SolutionGuid = {21A662E6-2F38-495B-AA33-A5828C300B39}
	EndGlobalSection
EndGlobal
